
Microsoft Visual Studio Solution File, Format Version 12.00
# Visual Studio Version 17
VisualStudioVersion = 17.7.34009.444
MinimumVisualStudioVersion = 10.0.40219.1
Project("{9A19103F-16F7-4668-BE54-9A1E7A4F7556}") = "Presentation", "Carting\Presentation.csproj", "{D17D7F9F-1B99-48C7-82DD-B7CA26E4646E}"
EndProject
Project("{9A19103F-16F7-4668-BE54-9A1E7A4F7556}") = "DAL", "DAL\DAL.csproj", "{5A8AFB7D-B58D-4D10-B6D9-49776B25F774}"
EndProject
Project("{9A19103F-16F7-4668-BE54-9A1E7A4F7556}") = "BLL", "BLL\BLL.csproj", "{2A7F84AF-B519-4D19-BE8A-8B54C63C4A71}"
EndProject
Project("{FAE04EC0-301F-11D3-BF4B-00C04F79EFBC}") = "Tests", "Tests\Tests.csproj", "{3409BE5B-6611-4FF3-8539-04C18DDADAE8}"
EndProject
Global
	GlobalSection(SolutionConfigurationPlatforms) = preSolution
		Debug|Any CPU = Debug|Any CPU
		Release|Any CPU = Release|Any CPU
	EndGlobalSection
	GlobalSection(ProjectConfigurationPlatforms) = postSolution
		{D17D7F9F-1B99-48C7-82DD-B7CA26E4646E}.Debug|Any CPU.ActiveCfg = Debug|Any CPU
		{D17D7F9F-1B99-48C7-82DD-B7CA26E4646E}.Debug|Any CPU.Build.0 = Debug|Any CPU
		{D17D7F9F-1B99-48C7-82DD-B7CA26E4646E}.Release|Any CPU.ActiveCfg = Release|Any CPU
		{D17D7F9F-1B99-48C7-82DD-B7CA26E4646E}.Release|Any CPU.Build.0 = Release|Any CPU
		{5A8AFB7D-B58D-4D10-B6D9-49776B25F774}.Debug|Any CPU.ActiveCfg = Debug|Any CPU
		{5A8AFB7D-B58D-4D10-B6D9-49776B25F774}.Debug|Any CPU.Build.0 = Debug|Any CPU
		{5A8AFB7D-B58D-4D10-B6D9-49776B25F774}.Release|Any CPU.ActiveCfg = Release|Any CPU
		{5A8AFB7D-B58D-4D10-B6D9-49776B25F774}.Release|Any CPU.Build.0 = Release|Any CPU
		{2A7F84AF-B519-4D19-BE8A-8B54C63C4A71}.Debug|Any CPU.ActiveCfg = Debug|Any CPU
		{2A7F84AF-B519-4D19-BE8A-8B54C63C4A71}.Debug|Any CPU.Build.0 = Debug|Any CPU
		{2A7F84AF-B519-4D19-BE8A-8B54C63C4A71}.Release|Any CPU.ActiveCfg = Release|Any CPU
		{2A7F84AF-B519-4D19-BE8A-8B54C63C4A71}.Release|Any CPU.Build.0 = Release|Any CPU
		{3409BE5B-6611-4FF3-8539-04C18DDADAE8}.Debug|Any CPU.ActiveCfg = Debug|Any CPU
		{3409BE5B-6611-4FF3-8539-04C18DDADAE8}.Debug|Any CPU.Build.0 = Debug|Any CPU
		{3409BE5B-6611-4FF3-8539-04C18DDADAE8}.Release|Any CPU.ActiveCfg = Release|Any CPU
		{3409BE5B-6611-4FF3-8539-04C18DDADAE8}.Release|Any CPU.Build.0 = Release|Any CPU
	EndGlobalSection
	GlobalSection(SolutionProperties) = preSolution
		HideSolutionNode = FALSE
	EndGlobalSection
	GlobalSection(ExtensibilityGlobals) = postSolution
		SolutionGuid = {66A02524-45C5-493A-8172-CFE37F182A73}
	EndGlobalSection
EndGlobal
